
Microsoft Visual Studio Solution File, Format Version 12.00
# Visual Studio Version 17
VisualStudioVersion = 17.3.32922.545
MinimumVisualStudioVersion = 10.0.40219.1
Project("{FAE04EC0-301F-11D3-BF4B-00C04F79EFBC}") = "radyangrad", "radyangrad\radyangrad.csproj", "{FF991C6E-FD97-479B-B1E7-282644005B52}"
EndProject
Global
	GlobalSection(SolutionConfigurationPlatforms) = preSolution
		Debug|Any CPU = Debug|Any CPU
		Release|Any CPU = Release|Any CPU
	EndGlobalSection
	GlobalSection(ProjectConfigurationPlatforms) = postSolution
		{FF991C6E-FD97-479B-B1E7-282644005B52}.Debug|Any CPU.ActiveCfg = Debug|Any CPU
		{FF991C6E-FD97-479B-B1E7-282644005B52}.Debug|Any CPU.Build.0 = Debug|Any CPU
		{FF991C6E-FD97-479B-B1E7-282644005B52}.Release|Any CPU.ActiveCfg = Release|Any CPU
		{FF991C6E-FD97-479B-B1E7-282644005B52}.Release|Any CPU.Build.0 = Release|Any CPU
	EndGlobalSection
	GlobalSection(SolutionProperties) = preSolution
		HideSolutionNode = FALSE
	EndGlobalSection
	GlobalSection(ExtensibilityGlobals) = postSolution
		SolutionGuid = {CFE1F3D4-D444-47E8-A98D-EEE19015E8B6}
	EndGlobalSection
EndGlobal
